// !$*UTF8*$!
{
	archiveVersion = 1;
	classes = {
	};
	objectVersion = 56;
	objects = {

/* Begin PBXBuildFile section */
		080133662BFA50F500B7D081 /* CryptoAppApp.swift in Sources */ = {isa = PBXBuildFile; fileRef = 080133652BFA50F500B7D081 /* CryptoAppApp.swift */; };
		080133682BFA50F500B7D081 /* ContentView.swift in Sources */ = {isa = PBXBuildFile; fileRef = 080133672BFA50F500B7D081 /* ContentView.swift */; };
		0801336A2BFA50F800B7D081 /* Assets.xcassets in Resources */ = {isa = PBXBuildFile; fileRef = 080133692BFA50F800B7D081 /* Assets.xcassets */; };
		0801336D2BFA50F800B7D081 /* Preview Assets.xcassets in Resources */ = {isa = PBXBuildFile; fileRef = 0801336C2BFA50F800B7D081 /* Preview Assets.xcassets */; };
		080133752BFA524900B7D081 /* Color.swift in Sources */ = {isa = PBXBuildFile; fileRef = 080133742BFA524900B7D081 /* Color.swift */; };
		0801337C2BFA546200B7D081 /* HomeView.swift in Sources */ = {isa = PBXBuildFile; fileRef = 0801337B2BFA546200B7D081 /* HomeView.swift */; };
		0801337F2BFA564000B7D081 /* CircleButton.swift in Sources */ = {isa = PBXBuildFile; fileRef = 0801337E2BFA564000B7D081 /* CircleButton.swift */; };
		080133812BFA5AD000B7D081 /* CircleButtonAnimationView.swift in Sources */ = {isa = PBXBuildFile; fileRef = 080133802BFA5AD000B7D081 /* CircleButtonAnimationView.swift */; };
		080133842BFA601400B7D081 /* CoinModel.swift in Sources */ = {isa = PBXBuildFile; fileRef = 080133832BFA601400B7D081 /* CoinModel.swift */; };
		080133872BFA63A300B7D081 /* Constants.swift in Sources */ = {isa = PBXBuildFile; fileRef = 080133862BFA63A300B7D081 /* Constants.swift */; };
		080133892BFB149200B7D081 /* CoinRowView.swift in Sources */ = {isa = PBXBuildFile; fileRef = 080133882BFB149200B7D081 /* CoinRowView.swift */; };
		0801338B2BFB155000B7D081 /* PreviewProvider.swift in Sources */ = {isa = PBXBuildFile; fileRef = 0801338A2BFB155000B7D081 /* PreviewProvider.swift */; };
		0801338D2BFB3D1400B7D081 /* Double.swift in Sources */ = {isa = PBXBuildFile; fileRef = 0801338C2BFB3D1400B7D081 /* Double.swift */; };
		0801338F2BFB501200B7D081 /* HomeViewModel.swift in Sources */ = {isa = PBXBuildFile; fileRef = 0801338E2BFB501200B7D081 /* HomeViewModel.swift */; };
		080133922BFB579C00B7D081 /* CoinDataService.swift in Sources */ = {isa = PBXBuildFile; fileRef = 080133912BFB579C00B7D081 /* CoinDataService.swift */; };
		080133952BFBA33400B7D081 /* NetworkingManager.swift in Sources */ = {isa = PBXBuildFile; fileRef = 080133942BFBA33400B7D081 /* NetworkingManager.swift */; };
		080133972BFBA73F00B7D081 /* CoinImageView.swift in Sources */ = {isa = PBXBuildFile; fileRef = 080133962BFBA73F00B7D081 /* CoinImageView.swift */; };
		080133992BFBAA1800B7D081 /* CoinImageService.swift in Sources */ = {isa = PBXBuildFile; fileRef = 080133982BFBAA1800B7D081 /* CoinImageService.swift */; };
		0801339B2BFBAD6200B7D081 /* CoinImageViewModel.swift in Sources */ = {isa = PBXBuildFile; fileRef = 0801339A2BFBAD6200B7D081 /* CoinImageViewModel.swift */; };
		0801339D2BFBB69900B7D081 /* LocalFileManager.swift in Sources */ = {isa = PBXBuildFile; fileRef = 0801339C2BFBB69900B7D081 /* LocalFileManager.swift */; };
		08CF32482BFCFC0400510EF0 /* SearchBarView.swift in Sources */ = {isa = PBXBuildFile; fileRef = 08CF32472BFCFC0400510EF0 /* SearchBarView.swift */; };
		08CF324A2BFE52AF00510EF0 /* StatisticsModel.swift in Sources */ = {isa = PBXBuildFile; fileRef = 08CF32492BFE52AF00510EF0 /* StatisticsModel.swift */; };
		08CF324C2BFE538200510EF0 /* StatisticsContainerView.swift in Sources */ = {isa = PBXBuildFile; fileRef = 08CF324B2BFE538200510EF0 /* StatisticsContainerView.swift */; };
		08CF324E2BFE56A900510EF0 /* CoinStatRowView.swift in Sources */ = {isa = PBXBuildFile; fileRef = 08CF324D2BFE56A900510EF0 /* CoinStatRowView.swift */; };
		08CF32722BFF945100510EF0 /* MarketDataModel.swift in Sources */ = {isa = PBXBuildFile; fileRef = 08CF32712BFF945100510EF0 /* MarketDataModel.swift */; };
		08CF32742BFF993300510EF0 /* MarketDataService.swift in Sources */ = {isa = PBXBuildFile; fileRef = 08CF32732BFF993300510EF0 /* MarketDataService.swift */; };
		08CF32762BFFA94200510EF0 /* PortfolioView.swift in Sources */ = {isa = PBXBuildFile; fileRef = 08CF32752BFFA94200510EF0 /* PortfolioView.swift */; };
		08CF32782BFFAAF700510EF0 /* XmarkCloseView.swift in Sources */ = {isa = PBXBuildFile; fileRef = 08CF32772BFFAAF700510EF0 /* XmarkCloseView.swift */; };
/* End PBXBuildFile section */

/* Begin PBXFileReference section */
		080133622BFA50F500B7D081 /* CryptoApp.app */ = {isa = PBXFileReference; explicitFileType = wrapper.application; includeInIndex = 0; path = CryptoApp.app; sourceTree = BUILT_PRODUCTS_DIR; };
		080133652BFA50F500B7D081 /* CryptoAppApp.swift */ = {isa = PBXFileReference; lastKnownFileType = sourcecode.swift; path = CryptoAppApp.swift; sourceTree = "<group>"; };
		080133672BFA50F500B7D081 /* ContentView.swift */ = {isa = PBXFileReference; lastKnownFileType = sourcecode.swift; path = ContentView.swift; sourceTree = "<group>"; };
		080133692BFA50F800B7D081 /* Assets.xcassets */ = {isa = PBXFileReference; lastKnownFileType = folder.assetcatalog; path = Assets.xcassets; sourceTree = "<group>"; };
		0801336C2BFA50F800B7D081 /* Preview Assets.xcassets */ = {isa = PBXFileReference; lastKnownFileType = folder.assetcatalog; path = "Preview Assets.xcassets"; sourceTree = "<group>"; };
		080133742BFA524900B7D081 /* Color.swift */ = {isa = PBXFileReference; lastKnownFileType = sourcecode.swift; path = Color.swift; sourceTree = "<group>"; };
		0801337B2BFA546200B7D081 /* HomeView.swift */ = {isa = PBXFileReference; lastKnownFileType = sourcecode.swift; path = HomeView.swift; sourceTree = "<group>"; };
		0801337E2BFA564000B7D081 /* CircleButton.swift */ = {isa = PBXFileReference; lastKnownFileType = sourcecode.swift; path = CircleButton.swift; sourceTree = "<group>"; };
		080133802BFA5AD000B7D081 /* CircleButtonAnimationView.swift */ = {isa = PBXFileReference; lastKnownFileType = sourcecode.swift; path = CircleButtonAnimationView.swift; sourceTree = "<group>"; };
		080133832BFA601400B7D081 /* CoinModel.swift */ = {isa = PBXFileReference; lastKnownFileType = sourcecode.swift; path = CoinModel.swift; sourceTree = "<group>"; };
		080133862BFA63A300B7D081 /* Constants.swift */ = {isa = PBXFileReference; lastKnownFileType = sourcecode.swift; path = Constants.swift; sourceTree = "<group>"; };
		080133882BFB149200B7D081 /* CoinRowView.swift */ = {isa = PBXFileReference; lastKnownFileType = sourcecode.swift; path = CoinRowView.swift; sourceTree = "<group>"; };
		0801338A2BFB155000B7D081 /* PreviewProvider.swift */ = {isa = PBXFileReference; lastKnownFileType = sourcecode.swift; path = PreviewProvider.swift; sourceTree = "<group>"; };
		0801338C2BFB3D1400B7D081 /* Double.swift */ = {isa = PBXFileReference; lastKnownFileType = sourcecode.swift; path = Double.swift; sourceTree = "<group>"; };
		0801338E2BFB501200B7D081 /* HomeViewModel.swift */ = {isa = PBXFileReference; lastKnownFileType = sourcecode.swift; path = HomeViewModel.swift; sourceTree = "<group>"; };
		080133912BFB579C00B7D081 /* CoinDataService.swift */ = {isa = PBXFileReference; lastKnownFileType = sourcecode.swift; path = CoinDataService.swift; sourceTree = "<group>"; };
		080133942BFBA33400B7D081 /* NetworkingManager.swift */ = {isa = PBXFileReference; lastKnownFileType = sourcecode.swift; path = NetworkingManager.swift; sourceTree = "<group>"; };
		080133962BFBA73F00B7D081 /* CoinImageView.swift */ = {isa = PBXFileReference; lastKnownFileType = sourcecode.swift; path = CoinImageView.swift; sourceTree = "<group>"; };
		080133982BFBAA1800B7D081 /* CoinImageService.swift */ = {isa = PBXFileReference; lastKnownFileType = sourcecode.swift; path = CoinImageService.swift; sourceTree = "<group>"; };
		0801339A2BFBAD6200B7D081 /* CoinImageViewModel.swift */ = {isa = PBXFileReference; lastKnownFileType = sourcecode.swift; path = CoinImageViewModel.swift; sourceTree = "<group>"; };
		0801339C2BFBB69900B7D081 /* LocalFileManager.swift */ = {isa = PBXFileReference; lastKnownFileType = sourcecode.swift; path = LocalFileManager.swift; sourceTree = "<group>"; };
		08CF32472BFCFC0400510EF0 /* SearchBarView.swift */ = {isa = PBXFileReference; lastKnownFileType = sourcecode.swift; path = SearchBarView.swift; sourceTree = "<group>"; };
		08CF32492BFE52AF00510EF0 /* StatisticsModel.swift */ = {isa = PBXFileReference; lastKnownFileType = sourcecode.swift; path = StatisticsModel.swift; sourceTree = "<group>"; };
		08CF324B2BFE538200510EF0 /* StatisticsContainerView.swift */ = {isa = PBXFileReference; lastKnownFileType = sourcecode.swift; path = StatisticsContainerView.swift; sourceTree = "<group>"; };
		08CF324D2BFE56A900510EF0 /* CoinStatRowView.swift */ = {isa = PBXFileReference; lastKnownFileType = sourcecode.swift; path = CoinStatRowView.swift; sourceTree = "<group>"; };
		08CF32712BFF945100510EF0 /* MarketDataModel.swift */ = {isa = PBXFileReference; lastKnownFileType = sourcecode.swift; path = MarketDataModel.swift; sourceTree = "<group>"; };
		08CF32732BFF993300510EF0 /* MarketDataService.swift */ = {isa = PBXFileReference; lastKnownFileType = sourcecode.swift; path = MarketDataService.swift; sourceTree = "<group>"; };
		08CF32752BFFA94200510EF0 /* PortfolioView.swift */ = {isa = PBXFileReference; lastKnownFileType = sourcecode.swift; path = PortfolioView.swift; sourceTree = "<group>"; };
		08CF32772BFFAAF700510EF0 /* XmarkCloseView.swift */ = {isa = PBXFileReference; lastKnownFileType = sourcecode.swift; path = XmarkCloseView.swift; sourceTree = "<group>"; };
/* End PBXFileReference section */

/* Begin PBXFrameworksBuildPhase section */
		0801335F2BFA50F500B7D081 /* Frameworks */ = {
			isa = PBXFrameworksBuildPhase;
			buildActionMask = 2147483647;
			files = (
			);
			runOnlyForDeploymentPostprocessing = 0;
		};
/* End PBXFrameworksBuildPhase section */

/* Begin PBXGroup section */
		080133592BFA50F500B7D081 = {
			isa = PBXGroup;
			children = (
				080133642BFA50F500B7D081 /* CryptoApp */,
				080133632BFA50F500B7D081 /* Products */,
			);
			sourceTree = "<group>";
		};
		080133632BFA50F500B7D081 /* Products */ = {
			isa = PBXGroup;
			children = (
				080133622BFA50F500B7D081 /* CryptoApp.app */,
			);
			name = Products;
			sourceTree = "<group>";
		};
		080133642BFA50F500B7D081 /* CryptoApp */ = {
			isa = PBXGroup;
			children = (
				080133652BFA50F500B7D081 /* CryptoAppApp.swift */,
				080133672BFA50F500B7D081 /* ContentView.swift */,
				080133762BFA540500B7D081 /* Core */,
				080133902BFB56E900B7D081 /* Services */,
				080133822BFA600600B7D081 /* Models */,
				080133732BFA523800B7D081 /* Extension */,
				080133932BFBA32000B7D081 /* Utilities */,
				080133852BFA639600B7D081 /* Constants */,
				080133692BFA50F800B7D081 /* Assets.xcassets */,
				0801336B2BFA50F800B7D081 /* Preview Content */,
			);
			path = CryptoApp;
			sourceTree = "<group>";
		};
		0801336B2BFA50F800B7D081 /* Preview Content */ = {
			isa = PBXGroup;
			children = (
				0801336C2BFA50F800B7D081 /* Preview Assets.xcassets */,
			);
			path = "Preview Content";
			sourceTree = "<group>";
		};
		080133732BFA523800B7D081 /* Extension */ = {
			isa = PBXGroup;
			children = (
				0801338A2BFB155000B7D081 /* PreviewProvider.swift */,
				080133742BFA524900B7D081 /* Color.swift */,
				0801338C2BFB3D1400B7D081 /* Double.swift */,
			);
			path = Extension;
			sourceTree = "<group>";
		};
		080133762BFA540500B7D081 /* Core */ = {
			isa = PBXGroup;
			children = (
				080133772BFA540C00B7D081 /* Home */,
				0801337D2BFA561B00B7D081 /* Components */,
			);
			path = Core;
			sourceTree = "<group>";
		};
		080133772BFA540C00B7D081 /* Home */ = {
			isa = PBXGroup;
			children = (
				080133792BFA541800B7D081 /* View */,
				0801337A2BFA541D00B7D081 /* ViewModel */,
			);
			path = Home;
			sourceTree = "<group>";
		};
		080133792BFA541800B7D081 /* View */ = {
			isa = PBXGroup;
			children = (
				0801337B2BFA546200B7D081 /* HomeView.swift */,
				080133882BFB149200B7D081 /* CoinRowView.swift */,
				08CF324D2BFE56A900510EF0 /* CoinStatRowView.swift */,
				08CF32752BFFA94200510EF0 /* PortfolioView.swift */,
			);
			path = View;
			sourceTree = "<group>";
		};
		0801337A2BFA541D00B7D081 /* ViewModel */ = {
			isa = PBXGroup;
			children = (
				0801338E2BFB501200B7D081 /* HomeViewModel.swift */,
				0801339A2BFBAD6200B7D081 /* CoinImageViewModel.swift */,
			);
			path = ViewModel;
			sourceTree = "<group>";
		};
		0801337D2BFA561B00B7D081 /* Components */ = {
			isa = PBXGroup;
			children = (
				0801337E2BFA564000B7D081 /* CircleButton.swift */,
				080133802BFA5AD000B7D081 /* CircleButtonAnimationView.swift */,
				080133962BFBA73F00B7D081 /* CoinImageView.swift */,
				08CF32472BFCFC0400510EF0 /* SearchBarView.swift */,
				08CF324B2BFE538200510EF0 /* StatisticsContainerView.swift */,
				08CF32772BFFAAF700510EF0 /* XmarkCloseView.swift */,
			);
			path = Components;
			sourceTree = "<group>";
		};
		080133822BFA600600B7D081 /* Models */ = {
			isa = PBXGroup;
			children = (
				080133832BFA601400B7D081 /* CoinModel.swift */,
				08CF32492BFE52AF00510EF0 /* StatisticsModel.swift */,
				08CF32712BFF945100510EF0 /* MarketDataModel.swift */,
			);
			path = Models;
			sourceTree = "<group>";
		};
		080133852BFA639600B7D081 /* Constants */ = {
			isa = PBXGroup;
			children = (
				080133862BFA63A300B7D081 /* Constants.swift */,
			);
			path = Constants;
			sourceTree = "<group>";
		};
		080133902BFB56E900B7D081 /* Services */ = {
			isa = PBXGroup;
			children = (
				080133912BFB579C00B7D081 /* CoinDataService.swift */,
				080133982BFBAA1800B7D081 /* CoinImageService.swift */,
				08CF32732BFF993300510EF0 /* MarketDataService.swift */,
			);
			path = Services;
			sourceTree = "<group>";
		};
		080133932BFBA32000B7D081 /* Utilities */ = {
			isa = PBXGroup;
			children = (
				080133942BFBA33400B7D081 /* NetworkingManager.swift */,
				0801339C2BFBB69900B7D081 /* LocalFileManager.swift */,
			);
			path = Utilities;
			sourceTree = "<group>";
		};
/* End PBXGroup section */

/* Begin PBXNativeTarget section */
		080133612BFA50F500B7D081 /* CryptoApp */ = {
			isa = PBXNativeTarget;
			buildConfigurationList = 080133702BFA50F800B7D081 /* Build configuration list for PBXNativeTarget "CryptoApp" */;
			buildPhases = (
				0801335E2BFA50F500B7D081 /* Sources */,
				0801335F2BFA50F500B7D081 /* Frameworks */,
				080133602BFA50F500B7D081 /* Resources */,
			);
			buildRules = (
			);
			dependencies = (
			);
			name = CryptoApp;
			productName = CryptoApp;
			productReference = 080133622BFA50F500B7D081 /* CryptoApp.app */;
			productType = "com.apple.product-type.application";
		};
/* End PBXNativeTarget section */

/* Begin PBXProject section */
		0801335A2BFA50F500B7D081 /* Project object */ = {
			isa = PBXProject;
			attributes = {
				BuildIndependentTargetsInParallel = 1;
				LastSwiftUpdateCheck = 1530;
				LastUpgradeCheck = 1530;
				TargetAttributes = {
					080133612BFA50F500B7D081 = {
						CreatedOnToolsVersion = 15.3;
					};
				};
			};
			buildConfigurationList = 0801335D2BFA50F500B7D081 /* Build configuration list for PBXProject "CryptoApp" */;
			compatibilityVersion = "Xcode 14.0";
			developmentRegion = en;
			hasScannedForEncodings = 0;
			knownRegions = (
				en,
				Base,
			);
			mainGroup = 080133592BFA50F500B7D081;
			productRefGroup = 080133632BFA50F500B7D081 /* Products */;
			projectDirPath = "";
			projectRoot = "";
			targets = (
				080133612BFA50F500B7D081 /* CryptoApp */,
			);
		};
/* End PBXProject section */

/* Begin PBXResourcesBuildPhase section */
		080133602BFA50F500B7D081 /* Resources */ = {
			isa = PBXResourcesBuildPhase;
			buildActionMask = 2147483647;
			files = (
				0801336D2BFA50F800B7D081 /* Preview Assets.xcassets in Resources */,
				0801336A2BFA50F800B7D081 /* Assets.xcassets in Resources */,
			);
			runOnlyForDeploymentPostprocessing = 0;
		};
/* End PBXResourcesBuildPhase section */

/* Begin PBXSourcesBuildPhase section */
		0801335E2BFA50F500B7D081 /* Sources */ = {
			isa = PBXSourcesBuildPhase;
			buildActionMask = 2147483647;
			files = (
				080133892BFB149200B7D081 /* CoinRowView.swift in Sources */,
				080133922BFB579C00B7D081 /* CoinDataService.swift in Sources */,
				08CF324C2BFE538200510EF0 /* StatisticsContainerView.swift in Sources */,
				0801337F2BFA564000B7D081 /* CircleButton.swift in Sources */,
				080133682BFA50F500B7D081 /* ContentView.swift in Sources */,
				0801337C2BFA546200B7D081 /* HomeView.swift in Sources */,
				08CF32722BFF945100510EF0 /* MarketDataModel.swift in Sources */,
				080133662BFA50F500B7D081 /* CryptoAppApp.swift in Sources */,
				080133752BFA524900B7D081 /* Color.swift in Sources */,
				08CF32782BFFAAF700510EF0 /* XmarkCloseView.swift in Sources */,
				080133812BFA5AD000B7D081 /* CircleButtonAnimationView.swift in Sources */,
				08CF324A2BFE52AF00510EF0 /* StatisticsModel.swift in Sources */,
				0801339B2BFBAD6200B7D081 /* CoinImageViewModel.swift in Sources */,
				0801338F2BFB501200B7D081 /* HomeViewModel.swift in Sources */,
				08CF324E2BFE56A900510EF0 /* CoinStatRowView.swift in Sources */,
				080133842BFA601400B7D081 /* CoinModel.swift in Sources */,
				0801339D2BFBB69900B7D081 /* LocalFileManager.swift in Sources */,
				08CF32482BFCFC0400510EF0 /* SearchBarView.swift in Sources */,
				08CF32742BFF993300510EF0 /* MarketDataService.swift in Sources */,
				080133872BFA63A300B7D081 /* Constants.swift in Sources */,
				080133972BFBA73F00B7D081 /* CoinImageView.swift in Sources */,
				0801338D2BFB3D1400B7D081 /* Double.swift in Sources */,
				08CF32762BFFA94200510EF0 /* PortfolioView.swift in Sources */,
				0801338B2BFB155000B7D081 /* PreviewProvider.swift in Sources */,
				080133992BFBAA1800B7D081 /* CoinImageService.swift in Sources */,
				080133952BFBA33400B7D081 /* NetworkingManager.swift in Sources */,
			);
			runOnlyForDeploymentPostprocessing = 0;
		};
/* End PBXSourcesBuildPhase section */

/* Begin XCBuildConfiguration section */
		0801336E2BFA50F800B7D081 /* Debug */ = {
			isa = XCBuildConfiguration;
			buildSettings = {
				ALWAYS_SEARCH_USER_PATHS = NO;
				ASSETCATALOG_COMPILER_GENERATE_SWIFT_ASSET_SYMBOL_EXTENSIONS = YES;
				CLANG_ANALYZER_NONNULL = YES;
				CLANG_ANALYZER_NUMBER_OBJECT_CONVERSION = YES_AGGRESSIVE;
				CLANG_CXX_LANGUAGE_STANDARD = "gnu++20";
				CLANG_ENABLE_MODULES = YES;
				CLANG_ENABLE_OBJC_ARC = YES;
				CLANG_ENABLE_OBJC_WEAK = YES;
				CLANG_WARN_BLOCK_CAPTURE_AUTORELEASING = YES;
				CLANG_WARN_BOOL_CONVERSION = YES;
				CLANG_WARN_COMMA = YES;
				CLANG_WARN_CONSTANT_CONVERSION = YES;
				CLANG_WARN_DEPRECATED_OBJC_IMPLEMENTATIONS = YES;
				CLANG_WARN_DIRECT_OBJC_ISA_USAGE = YES_ERROR;
				CLANG_WARN_DOCUMENTATION_COMMENTS = YES;
				CLANG_WARN_EMPTY_BODY = YES;
				CLANG_WARN_ENUM_CONVERSION = YES;
				CLANG_WARN_INFINITE_RECURSION = YES;
				CLANG_WARN_INT_CONVERSION = YES;
				CLANG_WARN_NON_LITERAL_NULL_CONVERSION = YES;
				CLANG_WARN_OBJC_IMPLICIT_RETAIN_SELF = YES;
				CLANG_WARN_OBJC_LITERAL_CONVERSION = YES;
				CLANG_WARN_OBJC_ROOT_CLASS = YES_ERROR;
				CLANG_WARN_QUOTED_INCLUDE_IN_FRAMEWORK_HEADER = YES;
				CLANG_WARN_RANGE_LOOP_ANALYSIS = YES;
				CLANG_WARN_STRICT_PROTOTYPES = YES;
				CLANG_WARN_SUSPICIOUS_MOVE = YES;
				CLANG_WARN_UNGUARDED_AVAILABILITY = YES_AGGRESSIVE;
				CLANG_WARN_UNREACHABLE_CODE = YES;
				CLANG_WARN__DUPLICATE_METHOD_MATCH = YES;
				COPY_PHASE_STRIP = NO;
				DEBUG_INFORMATION_FORMAT = dwarf;
				ENABLE_STRICT_OBJC_MSGSEND = YES;
				ENABLE_TESTABILITY = YES;
				ENABLE_USER_SCRIPT_SANDBOXING = YES;
				GCC_C_LANGUAGE_STANDARD = gnu17;
				GCC_DYNAMIC_NO_PIC = NO;
				GCC_NO_COMMON_BLOCKS = YES;
				GCC_OPTIMIZATION_LEVEL = 0;
				GCC_PREPROCESSOR_DEFINITIONS = (
					"DEBUG=1",
					"$(inherited)",
				);
				GCC_WARN_64_TO_32_BIT_CONVERSION = YES;
				GCC_WARN_ABOUT_RETURN_TYPE = YES_ERROR;
				GCC_WARN_UNDECLARED_SELECTOR = YES;
				GCC_WARN_UNINITIALIZED_AUTOS = YES_AGGRESSIVE;
				GCC_WARN_UNUSED_FUNCTION = YES;
				GCC_WARN_UNUSED_VARIABLE = YES;
				IPHONEOS_DEPLOYMENT_TARGET = 17.4;
				LOCALIZATION_PREFERS_STRING_CATALOGS = YES;
				MTL_ENABLE_DEBUG_INFO = INCLUDE_SOURCE;
				MTL_FAST_MATH = YES;
				ONLY_ACTIVE_ARCH = YES;
				SDKROOT = iphoneos;
				SWIFT_ACTIVE_COMPILATION_CONDITIONS = "DEBUG $(inherited)";
				SWIFT_OPTIMIZATION_LEVEL = "-Onone";
			};
			name = Debug;
		};
		0801336F2BFA50F800B7D081 /* Release */ = {
			isa = XCBuildConfiguration;
			buildSettings = {
				ALWAYS_SEARCH_USER_PATHS = NO;
				ASSETCATALOG_COMPILER_GENERATE_SWIFT_ASSET_SYMBOL_EXTENSIONS = YES;
				CLANG_ANALYZER_NONNULL = YES;
				CLANG_ANALYZER_NUMBER_OBJECT_CONVERSION = YES_AGGRESSIVE;
				CLANG_CXX_LANGUAGE_STANDARD = "gnu++20";
				CLANG_ENABLE_MODULES = YES;
				CLANG_ENABLE_OBJC_ARC = YES;
				CLANG_ENABLE_OBJC_WEAK = YES;
				CLANG_WARN_BLOCK_CAPTURE_AUTORELEASING = YES;
				CLANG_WARN_BOOL_CONVERSION = YES;
				CLANG_WARN_COMMA = YES;
				CLANG_WARN_CONSTANT_CONVERSION = YES;
				CLANG_WARN_DEPRECATED_OBJC_IMPLEMENTATIONS = YES;
				CLANG_WARN_DIRECT_OBJC_ISA_USAGE = YES_ERROR;
				CLANG_WARN_DOCUMENTATION_COMMENTS = YES;
				CLANG_WARN_EMPTY_BODY = YES;
				CLANG_WARN_ENUM_CONVERSION = YES;
				CLANG_WARN_INFINITE_RECURSION = YES;
				CLANG_WARN_INT_CONVERSION = YES;
				CLANG_WARN_NON_LITERAL_NULL_CONVERSION = YES;
				CLANG_WARN_OBJC_IMPLICIT_RETAIN_SELF = YES;
				CLANG_WARN_OBJC_LITERAL_CONVERSION = YES;
				CLANG_WARN_OBJC_ROOT_CLASS = YES_ERROR;
				CLANG_WARN_QUOTED_INCLUDE_IN_FRAMEWORK_HEADER = YES;
				CLANG_WARN_RANGE_LOOP_ANALYSIS = YES;
				CLANG_WARN_STRICT_PROTOTYPES = YES;
				CLANG_WARN_SUSPICIOUS_MOVE = YES;
				CLANG_WARN_UNGUARDED_AVAILABILITY = YES_AGGRESSIVE;
				CLANG_WARN_UNREACHABLE_CODE = YES;
				CLANG_WARN__DUPLICATE_METHOD_MATCH = YES;
				COPY_PHASE_STRIP = NO;
				DEBUG_INFORMATION_FORMAT = "dwarf-with-dsym";
				ENABLE_NS_ASSERTIONS = NO;
				ENABLE_STRICT_OBJC_MSGSEND = YES;
				ENABLE_USER_SCRIPT_SANDBOXING = YES;
				GCC_C_LANGUAGE_STANDARD = gnu17;
				GCC_NO_COMMON_BLOCKS = YES;
				GCC_WARN_64_TO_32_BIT_CONVERSION = YES;
				GCC_WARN_ABOUT_RETURN_TYPE = YES_ERROR;
				GCC_WARN_UNDECLARED_SELECTOR = YES;
				GCC_WARN_UNINITIALIZED_AUTOS = YES_AGGRESSIVE;
				GCC_WARN_UNUSED_FUNCTION = YES;
				GCC_WARN_UNUSED_VARIABLE = YES;
				IPHONEOS_DEPLOYMENT_TARGET = 17.4;
				LOCALIZATION_PREFERS_STRING_CATALOGS = YES;
				MTL_ENABLE_DEBUG_INFO = NO;
				MTL_FAST_MATH = YES;
				SDKROOT = iphoneos;
				SWIFT_COMPILATION_MODE = wholemodule;
				VALIDATE_PRODUCT = YES;
			};
			name = Release;
		};
		080133712BFA50F800B7D081 /* Debug */ = {
			isa = XCBuildConfiguration;
			buildSettings = {
				ASSETCATALOG_COMPILER_APPICON_NAME = AppIcon;
				ASSETCATALOG_COMPILER_GLOBAL_ACCENT_COLOR_NAME = AccentColor;
				CODE_SIGN_STYLE = Automatic;
				CURRENT_PROJECT_VERSION = 1;
				DEVELOPMENT_ASSET_PATHS = "\"CryptoApp/Preview Content\"";
				DEVELOPMENT_TEAM = MH6R63YCRU;
				ENABLE_PREVIEWS = YES;
				GENERATE_INFOPLIST_FILE = YES;
				INFOPLIST_KEY_UIApplicationSceneManifest_Generation = YES;
				INFOPLIST_KEY_UIApplicationSupportsIndirectInputEvents = YES;
				INFOPLIST_KEY_UILaunchScreen_Generation = YES;
				INFOPLIST_KEY_UISupportedInterfaceOrientations_iPad = "UIInterfaceOrientationPortrait UIInterfaceOrientationPortraitUpsideDown UIInterfaceOrientationLandscapeLeft UIInterfaceOrientationLandscapeRight";
				INFOPLIST_KEY_UISupportedInterfaceOrientations_iPhone = "UIInterfaceOrientationPortrait UIInterfaceOrientationLandscapeLeft UIInterfaceOrientationLandscapeRight";
				IPHONEOS_DEPLOYMENT_TARGET = 14.0;
				LD_RUNPATH_SEARCH_PATHS = (
					"$(inherited)",
					"@executable_path/Frameworks",
				);
				MARKETING_VERSION = 1.0;
				PRODUCT_BUNDLE_IDENTIFIER = com.lulu.luluone.CryptoApp;
				PRODUCT_NAME = "$(TARGET_NAME)";
				SWIFT_EMIT_LOC_STRINGS = YES;
				SWIFT_VERSION = 5.0;
				TARGETED_DEVICE_FAMILY = "1,2";
			};
			name = Debug;
		};
		080133722BFA50F800B7D081 /* Release */ = {
			isa = XCBuildConfiguration;
			buildSettings = {
				ASSETCATALOG_COMPILER_APPICON_NAME = AppIcon;
				ASSETCATALOG_COMPILER_GLOBAL_ACCENT_COLOR_NAME = AccentColor;
				CODE_SIGN_STYLE = Automatic;
				CURRENT_PROJECT_VERSION = 1;
				DEVELOPMENT_ASSET_PATHS = "\"CryptoApp/Preview Content\"";
				DEVELOPMENT_TEAM = MH6R63YCRU;
				ENABLE_PREVIEWS = YES;
				GENERATE_INFOPLIST_FILE = YES;
				INFOPLIST_KEY_UIApplicationSceneManifest_Generation = YES;
				INFOPLIST_KEY_UIApplicationSupportsIndirectInputEvents = YES;
				INFOPLIST_KEY_UILaunchScreen_Generation = YES;
				INFOPLIST_KEY_UISupportedInterfaceOrientations_iPad = "UIInterfaceOrientationPortrait UIInterfaceOrientationPortraitUpsideDown UIInterfaceOrientationLandscapeLeft UIInterfaceOrientationLandscapeRight";
				INFOPLIST_KEY_UISupportedInterfaceOrientations_iPhone = "UIInterfaceOrientationPortrait UIInterfaceOrientationLandscapeLeft UIInterfaceOrientationLandscapeRight";
				IPHONEOS_DEPLOYMENT_TARGET = 14.0;
				LD_RUNPATH_SEARCH_PATHS = (
					"$(inherited)",
					"@executable_path/Frameworks",
				);
				MARKETING_VERSION = 1.0;
				PRODUCT_BUNDLE_IDENTIFIER = com.lulu.luluone.CryptoApp;
				PRODUCT_NAME = "$(TARGET_NAME)";
				SWIFT_EMIT_LOC_STRINGS = YES;
				SWIFT_VERSION = 5.0;
				TARGETED_DEVICE_FAMILY = "1,2";
			};
			name = Release;
		};
/* End XCBuildConfiguration section */

/* Begin XCConfigurationList section */
		0801335D2BFA50F500B7D081 /* Build configuration list for PBXProject "CryptoApp" */ = {
			isa = XCConfigurationList;
			buildConfigurations = (
				0801336E2BFA50F800B7D081 /* Debug */,
				0801336F2BFA50F800B7D081 /* Release */,
			);
			defaultConfigurationIsVisible = 0;
			defaultConfigurationName = Release;
		};
		080133702BFA50F800B7D081 /* Build configuration list for PBXNativeTarget "CryptoApp" */ = {
			isa = XCConfigurationList;
			buildConfigurations = (
				080133712BFA50F800B7D081 /* Debug */,
				080133722BFA50F800B7D081 /* Release */,
			);
			defaultConfigurationIsVisible = 0;
			defaultConfigurationName = Release;
		};
/* End XCConfigurationList section */
	};
	rootObject = 0801335A2BFA50F500B7D081 /* Project object */;
}
